{
  "name": "mv-modal",
  "version": "1.0.0",
  "lockfileVersion": 1,
  "requires": true,
  "dependencies": {
    "@meveo-org/mv-button": {
      "version": "1.0.4",
      "resolved": "https://registry.npmjs.org/@meveo-org/mv-button/-/mv-button-1.0.4.tgz",
      "integrity": "sha512-FMRXLwy5c6HFb6lYgSv5uVV6Bi52+qunuFQuLyo0ip5TwEqzg91RMWEgTaiKdY+gpNalAQnsMwzVehR3s7B/Rg=="
    },
    "@meveo-org/mv-font-awesome": {
      "version": "1.0.1",
      "resolved": "https://registry.npmjs.org/@meveo-org/mv-font-awesome/-/mv-font-awesome-1.0.1.tgz",
      "integrity": "sha512-Uxt4W2PPrem/53KJhJfun13I7PSbSDmW6AuagpRFreF3SfAV+epyIFyAOAgnDiH2RWYOqhSVywqGK38o8N4WLQ=="
    }
  }
}
